
Microsoft Visual Studio Solution File, Format Version 9.00
# Visual C++ Express 2005
Project("{8BC9CEB8-8B4A-11D0-8D11-00A0C91BC942}") = "soft_shadow", "soft_shadow.vcproj", "{0C02C7B8-08B3-4A59-9224-2DB5AC8C99B4}"
EndProject
Global
	GlobalSection(SolutionConfigurationPlatforms) = preSolution
		Debug|Win32 = Debug|Win32
		Release|Win32 = Release|Win32
	EndGlobalSection
	GlobalSection(ProjectConfigurationPlatforms) = postSolution
		{0C02C7B8-08B3-4A59-9224-2DB5AC8C99B4}.Debug|Win32.ActiveCfg = Debug|Win32
		{0C02C7B8-08B3-4A59-9224-2DB5AC8C99B4}.Debug|Win32.Build.0 = Debug|Win32
		{0C02C7B8-08B3-4A59-9224-2DB5AC8C99B4}.Release|Win32.ActiveCfg = Release|Win32
		{0C02C7B8-08B3-4A59-9224-2DB5AC8C99B4}.Release|Win32.Build.0 = Release|Win32
	EndGlobalSection
	GlobalSection(SolutionProperties) = preSolution
		HideSolutionNode = FALSE
	EndGlobalSection
EndGlobal
